
Microsoft Visual Studio Solution File, Format Version 12.00
# Visual Studio Version 16
VisualStudioVersion = 25.0.1707.0
MinimumVisualStudioVersion = 10.0.40219.1
Project("{FAE04EC0-301F-11D3-BF4B-00C04F79EFBC}") = "ClientAppsIntegration.Web", "ClientAppsIntegration.Web.csproj", "{DC09FC38-EF65-4974-B1A0-9125DCA6A451}"
EndProject
Global
	GlobalSection(SolutionConfigurationPlatforms) = preSolution
		Debug|Any CPU = Debug|Any CPU
		Release|Any CPU = Release|Any CPU
	EndGlobalSection
	GlobalSection(ProjectConfigurationPlatforms) = postSolution
		{DC09FC38-EF65-4974-B1A0-9125DCA6A451}.Debug|Any CPU.ActiveCfg = Debug|Any CPU
		{DC09FC38-EF65-4974-B1A0-9125DCA6A451}.Debug|Any CPU.Build.0 = Debug|Any CPU
		{DC09FC38-EF65-4974-B1A0-9125DCA6A451}.Release|Any CPU.ActiveCfg = Release|Any CPU
		{DC09FC38-EF65-4974-B1A0-9125DCA6A451}.Release|Any CPU.Build.0 = Release|Any CPU
	EndGlobalSection
	GlobalSection(SolutionProperties) = preSolution
		HideSolutionNode = FALSE
	EndGlobalSection
	GlobalSection(ExtensibilityGlobals) = postSolution
		SolutionGuid = {A76F0C31-B342-40F3-821E-C5DD9BD729CC}
	EndGlobalSection
EndGlobal
